
Microsoft Visual Studio Solution File, Format Version 12.00
# Visual Studio Version 17
VisualStudioVersion = 17.6.33815.320
MinimumVisualStudioVersion = 10.0.40219.1
Project("{9A19103F-16F7-4668-BE54-9A1E7A4F7556}") = "SP.API", "..\..\..\OneDrive\Skrivebord\ApiTest-main\Prøve\SP.API\SP.API.csproj", "{03088DE8-C6FE-41C1-BEBB-4BB40D2C1A6F}"
EndProject
Project("{9A19103F-16F7-4668-BE54-9A1E7A4F7556}") = "SP.Repository", "..\..\..\OneDrive\Skrivebord\ApiTest-main\Prøve\SP.Repository\SP.Repository.csproj", "{D115F4B5-4D81-40EC-A6CB-268E2EDC4B42}"
EndProject
Global
	GlobalSection(SolutionConfigurationPlatforms) = preSolution
		Debug|Any CPU = Debug|Any CPU
		Release|Any CPU = Release|Any CPU
	EndGlobalSection
	GlobalSection(ProjectConfigurationPlatforms) = postSolution
		{03088DE8-C6FE-41C1-BEBB-4BB40D2C1A6F}.Debug|Any CPU.ActiveCfg = Debug|Any CPU
		{03088DE8-C6FE-41C1-BEBB-4BB40D2C1A6F}.Debug|Any CPU.Build.0 = Debug|Any CPU
		{03088DE8-C6FE-41C1-BEBB-4BB40D2C1A6F}.Release|Any CPU.ActiveCfg = Release|Any CPU
		{03088DE8-C6FE-41C1-BEBB-4BB40D2C1A6F}.Release|Any CPU.Build.0 = Release|Any CPU
		{D115F4B5-4D81-40EC-A6CB-268E2EDC4B42}.Debug|Any CPU.ActiveCfg = Debug|Any CPU
		{D115F4B5-4D81-40EC-A6CB-268E2EDC4B42}.Debug|Any CPU.Build.0 = Debug|Any CPU
		{D115F4B5-4D81-40EC-A6CB-268E2EDC4B42}.Release|Any CPU.ActiveCfg = Release|Any CPU
		{D115F4B5-4D81-40EC-A6CB-268E2EDC4B42}.Release|Any CPU.Build.0 = Release|Any CPU
	EndGlobalSection
	GlobalSection(SolutionProperties) = preSolution
		HideSolutionNode = FALSE
	EndGlobalSection
	GlobalSection(ExtensibilityGlobals) = postSolution
		SolutionGuid = {6E43ED19-3576-47F5-BD9A-4FF209EE0BE4}
	EndGlobalSection
EndGlobal
